
Microsoft Visual Studio Solution File, Format Version 12.00
# Visual Studio Version 17
VisualStudioVersion = 17.9.34728.123
MinimumVisualStudioVersion = 10.0.40219.1
Project("{FAE04EC0-301F-11D3-BF4B-00C04F79EFBC}") = "MvcMovie", "MvcMovie\MvcMovie.csproj", "{FB0C3EE8-1041-4387-A52D-70CFBE1C5339}"
EndProject
Global
	GlobalSection(SolutionConfigurationPlatforms) = preSolution
		Debug|Any CPU = Debug|Any CPU
		Release|Any CPU = Release|Any CPU
	EndGlobalSection
	GlobalSection(ProjectConfigurationPlatforms) = postSolution
		{FB0C3EE8-1041-4387-A52D-70CFBE1C5339}.Debug|Any CPU.ActiveCfg = Debug|Any CPU
		{FB0C3EE8-1041-4387-A52D-70CFBE1C5339}.Debug|Any CPU.Build.0 = Debug|Any CPU
		{FB0C3EE8-1041-4387-A52D-70CFBE1C5339}.Release|Any CPU.ActiveCfg = Release|Any CPU
		{FB0C3EE8-1041-4387-A52D-70CFBE1C5339}.Release|Any CPU.Build.0 = Release|Any CPU
	EndGlobalSection
	GlobalSection(SolutionProperties) = preSolution
		HideSolutionNode = FALSE
	EndGlobalSection
	GlobalSection(ExtensibilityGlobals) = postSolution
		SolutionGuid = {241F6815-D553-46A0-AE48-CE4E15B180A2}
	EndGlobalSection
EndGlobal
